{
  "name": "splotifly",
  "version": "0.0.0",
  "lockfileVersion": 1,
  "requires": true,
  "dependencies": {
    "angular2": {
      "version": "2.0.0-beta.21",
      "resolved": "https://registry.npmjs.org/angular2/-/angular2-2.0.0-beta.21.tgz",
      "integrity": "sha1-eGQ+WQZBUmolltzR1cyjpVCe120="
    },
    "angular2-spotify": {
      "version": "1.3.5",
      "resolved": "https://registry.npmjs.org/angular2-spotify/-/angular2-spotify-1.3.5.tgz",
      "integrity": "sha1-LU1h0rVU71y9Fhp50MtP5wRSzNY=",
      "requires": {
        "angular2": "2.0.0-beta.21",
        "es6-promise": "3.3.1",
        "es6-shim": "0.33.13",
        "reflect-metadata": "0.1.2",
        "rxjs": "5.0.0-beta.0",
        "systemjs": "0.19.6",
        "zone.js": "0.5.10"
      },
      "dependencies": {
        "rxjs": {
          "version": "5.0.0-beta.0",
          "resolved": "https://registry.npmjs.org/rxjs/-/rxjs-5.0.0-beta.0.tgz",
          "integrity": "sha1-GUWsWqxm0zhFbAwKZqkdiK6BQQ8="
        },
        "zone.js": {
          "version": "0.5.10",
          "resolved": "https://registry.npmjs.org/zone.js/-/zone.js-0.5.10.tgz",
          "integrity": "sha1-Bbyc8DTxInjHoiPgIdELNP2s+4E=",
          "requires": {
            "es6-promise": "3.3.1"
          }
        }
      }
    },
    "es6-module-loader": {
      "version": "0.17.11",
      "resolved": "https://registry.npmjs.org/es6-module-loader/-/es6-module-loader-0.17.11.tgz",
      "integrity": "sha1-CU8ELjtNMIa8/Rc4Cv+r38mfNdc=",
      "requires": {
        "when": "3.7.8"
      }
    },
    "es6-promise": {
      "version": "3.3.1",
      "resolved": "https://registry.npmjs.org/es6-promise/-/es6-promise-3.3.1.tgz",
      "integrity": "sha1-oIzd6EzNvzTQJ6FFG8kdS80ophM="
    },
    "es6-shim": {
      "version": "0.33.13",
      "resolved": "https://registry.npmjs.org/es6-shim/-/es6-shim-0.33.13.tgz",
      "integrity": "sha1-iU+4PSwuk3jI7CNlnytiso+ZQiU="
    },
    "reflect-metadata": {
      "version": "0.1.2",
      "resolved": "https://registry.npmjs.org/reflect-metadata/-/reflect-metadata-0.1.2.tgz",
      "integrity": "sha1-6iPlgj3IMPKSgivT2puJ/Ve/+wM="
    },
    "systemjs": {
      "version": "0.19.6",
      "resolved": "https://registry.npmjs.org/systemjs/-/systemjs-0.19.6.tgz",
      "integrity": "sha1-ZDB0ge0d1sB8Hx4jZ69yyZ6Y40c=",
      "requires": {
        "es6-module-loader": "0.17.11",
        "when": "3.7.8"
      }
    },
    "when": {
      "version": "3.7.8",
      "resolved": "https://registry.npmjs.org/when/-/when-3.7.8.tgz",
      "integrity": "sha1-xxMLan6gRpPoQs3J56Hyqjmjn4I="
    }
  }
}
